
Microsoft Visual Studio Solution File, Format Version 12.00
# Visual Studio Version 17
VisualStudioVersion = 17.8.34330.188
MinimumVisualStudioVersion = 10.0.40219.1
Project("{F184B08F-C81C-45F6-A57F-5ABD9991F28F}") = "LAB5", "LAB5.vbproj", "{3312E02F-2132-450F-9FD3-FC6966ACA464}"
EndProject
Global
	GlobalSection(SolutionConfigurationPlatforms) = preSolution
		Debug|Any CPU = Debug|Any CPU
		Release|Any CPU = Release|Any CPU
	EndGlobalSection
	GlobalSection(ProjectConfigurationPlatforms) = postSolution
		{3312E02F-2132-450F-9FD3-FC6966ACA464}.Debug|Any CPU.ActiveCfg = Debug|Any CPU
		{3312E02F-2132-450F-9FD3-FC6966ACA464}.Debug|Any CPU.Build.0 = Debug|Any CPU
		{3312E02F-2132-450F-9FD3-FC6966ACA464}.Release|Any CPU.ActiveCfg = Release|Any CPU
		{3312E02F-2132-450F-9FD3-FC6966ACA464}.Release|Any CPU.Build.0 = Release|Any CPU
	EndGlobalSection
	GlobalSection(SolutionProperties) = preSolution
		HideSolutionNode = FALSE
	EndGlobalSection
	GlobalSection(ExtensibilityGlobals) = postSolution
		SolutionGuid = {82E0DB03-D6A7-442D-B73B-304EB0EE1A03}
	EndGlobalSection
EndGlobal
